// !$*UTF8*$!
{
	archiveVersion = 1;
	classes = {
	};
	objectVersion = 77;
	objects = {

/* Begin PBXBuildFile section */
		1887DA152EE34EF100F52C74 /* FirebaseAuth in Frameworks */ = {isa = PBXBuildFile; productRef = 1887DA142EE34EF100F52C74 /* FirebaseAuth */; };
		1887DA172EE34EF100F52C74 /* FirebaseFirestore in Frameworks */ = {isa = PBXBuildFile; productRef = 1887DA162EE34EF100F52C74 /* FirebaseFirestore */; };
		1887DA332EE5EC7200F52C74 /* FirebaseStorage in Frameworks */ = {isa = PBXBuildFile; productRef = 1887DA322EE5EC7200F52C74 /* FirebaseStorage */; };
/* End PBXBuildFile section */

/* Begin PBXContainerItemProxy section */
		1887D9F12EE3430E00F52C74 /* PBXContainerItemProxy */ = {
			isa = PBXContainerItemProxy;
			containerPortal = 1887D9DB2EE3430B00F52C74 /* Project object */;
			proxyType = 1;
			remoteGlobalIDString = 1887D9E22EE3430B00F52C74;
			remoteInfo = jikosyoukai;
		};
		1887D9FB2EE3430E00F52C74 /* PBXContainerItemProxy */ = {
			isa = PBXContainerItemProxy;
			containerPortal = 1887D9DB2EE3430B00F52C74 /* Project object */;
			proxyType = 1;
			remoteGlobalIDString = 1887D9E22EE3430B00F52C74;
			remoteInfo = jikosyoukai;
		};
/* End PBXContainerItemProxy section */

/* Begin PBXFileReference section */
		1887D9E32EE3430B00F52C74 /* jikosyoukai.app */ = {isa = PBXFileReference; explicitFileType = wrapper.application; includeInIndex = 0; path = jikosyoukai.app; sourceTree = BUILT_PRODUCTS_DIR; };
		1887D9F02EE3430E00F52C74 /* jikosyoukaiTests.xctest */ = {isa = PBXFileReference; explicitFileType = wrapper.cfbundle; includeInIndex = 0; path = jikosyoukaiTests.xctest; sourceTree = BUILT_PRODUCTS_DIR; };
		1887D9FA2EE3430E00F52C74 /* jikosyoukaiUITests.xctest */ = {isa = PBXFileReference; explicitFileType = wrapper.cfbundle; includeInIndex = 0; path = jikosyoukaiUITests.xctest; sourceTree = BUILT_PRODUCTS_DIR; };
/* End PBXFileReference section */

/* Begin PBXFileSystemSynchronizedBuildFileExceptionSet section */
		1887DA112EE34D9300F52C74 /* Exceptions for "jikosyoukai" folder in "jikosyoukaiTests" target */ = {
			isa = PBXFileSystemSynchronizedBuildFileExceptionSet;
			membershipExceptions = (
				"GoogleService-Info.plist",
			);
			target = 1887D9EF2EE3430E00F52C74 /* jikosyoukaiTests */;
		};
		1887DA122EE34D9300F52C74 /* Exceptions for "jikosyoukai" folder in "jikosyoukaiUITests" target */ = {
			isa = PBXFileSystemSynchronizedBuildFileExceptionSet;
			membershipExceptions = (
				"GoogleService-Info.plist",
			);
			target = 1887D9F92EE3430E00F52C74 /* jikosyoukaiUITests */;
		};
/* End PBXFileSystemSynchronizedBuildFileExceptionSet section */

/* Begin PBXFileSystemSynchronizedRootGroup section */
		1887D9E52EE3430B00F52C74 /* jikosyoukai */ = {
			isa = PBXFileSystemSynchronizedRootGroup;
			exceptions = (
				1887DA112EE34D9300F52C74 /* Exceptions for "jikosyoukai" folder in "jikosyoukaiTests" target */,
				1887DA122EE34D9300F52C74 /* Exceptions for "jikosyoukai" folder in "jikosyoukaiUITests" target */,
			);
			path = jikosyoukai;
			sourceTree = "<group>";
		};
		1887D9F32EE3430E00F52C74 /* jikosyoukaiTests */ = {
			isa = PBXFileSystemSynchronizedRootGroup;
			path = jikosyoukaiTests;
			sourceTree = "<group>";
		};
		1887D9FD2EE3430E00F52C74 /* jikosyoukaiUITests */ = {
			isa = PBXFileSystemSynchronizedRootGroup;
			path = jikosyoukaiUITests;
			sourceTree = "<group>";
		};
/* End PBXFileSystemSynchronizedRootGroup section */

/* Begin PBXFrameworksBuildPhase section */
		1887D9E02EE3430B00F52C74 /* Frameworks */ = {
			isa = PBXFrameworksBuildPhase;
			buildActionMask = 2147483647;
			files = (
				1887DA152EE34EF100F52C74 /* FirebaseAuth in Frameworks */,
				1887DA172EE34EF100F52C74 /* FirebaseFirestore in Frameworks */,
				1887DA332EE5EC7200F52C74 /* FirebaseStorage in Frameworks */,
			);
			runOnlyForDeploymentPostprocessing = 0;
		};
		1887D9ED2EE3430E00F52C74 /* Frameworks */ = {
			isa = PBXFrameworksBuildPhase;
			buildActionMask = 2147483647;
			files = (
			);
			runOnlyForDeploymentPostprocessing = 0;
		};
		1887D9F72EE3430E00F52C74 /* Frameworks */ = {
			isa = PBXFrameworksBuildPhase;
			buildActionMask = 2147483647;
			files = (
			);
			runOnlyForDeploymentPostprocessing = 0;
		};
/* End PBXFrameworksBuildPhase section */

/* Begin PBXGroup section */
		1887D9DA2EE3430B00F52C74 = {
			isa = PBXGroup;
			children = (
				1887D9E52EE3430B00F52C74 /* jikosyoukai */,
				1887D9F32EE3430E00F52C74 /* jikosyoukaiTests */,
				1887D9FD2EE3430E00F52C74 /* jikosyoukaiUITests */,
				1887DA312EE5EC7200F52C74 /* Frameworks */,
				1887D9E42EE3430B00F52C74 /* Products */,
			);
			sourceTree = "<group>";
		};
		1887D9E42EE3430B00F52C74 /* Products */ = {
			isa = PBXGroup;
			children = (
				1887D9E32EE3430B00F52C74 /* jikosyoukai.app */,
				1887D9F02EE3430E00F52C74 /* jikosyoukaiTests.xctest */,
				1887D9FA2EE3430E00F52C74 /* jikosyoukaiUITests.xctest */,
			);
			name = Products;
			sourceTree = "<group>";
		};
		1887DA312EE5EC7200F52C74 /* Frameworks */ = {
			isa = PBXGroup;
			children = (
			);
			name = Frameworks;
			sourceTree = "<group>";
		};
/* End PBXGroup section */

/* Begin PBXNativeTarget section */
		1887D9E22EE3430B00F52C74 /* jikosyoukai */ = {
			isa = PBXNativeTarget;
			buildConfigurationList = 1887DA042EE3430E00F52C74 /* Build configuration list for PBXNativeTarget "jikosyoukai" */;
			buildPhases = (
				1887D9DF2EE3430B00F52C74 /* Sources */,
				1887D9E02EE3430B00F52C74 /* Frameworks */,
				1887D9E12EE3430B00F52C74 /* Resources */,
			);
			buildRules = (
			);
			dependencies = (
			);
			fileSystemSynchronizedGroups = (
				1887D9E52EE3430B00F52C74 /* jikosyoukai */,
			);
			name = jikosyoukai;
			packageProductDependencies = (
				1887DA142EE34EF100F52C74 /* FirebaseAuth */,
				1887DA162EE34EF100F52C74 /* FirebaseFirestore */,
				1887DA322EE5EC7200F52C74 /* FirebaseStorage */,
			);
			productName = jikosyoukai;
			productReference = 1887D9E32EE3430B00F52C74 /* jikosyoukai.app */;
			productType = "com.apple.product-type.application";
		};
		1887D9EF2EE3430E00F52C74 /* jikosyoukaiTests */ = {
			isa = PBXNativeTarget;
			buildConfigurationList = 1887DA072EE3430E00F52C74 /* Build configuration list for PBXNativeTarget "jikosyoukaiTests" */;
			buildPhases = (
				1887D9EC2EE3430E00F52C74 /* Sources */,
				1887D9ED2EE3430E00F52C74 /* Frameworks */,
				1887D9EE2EE3430E00F52C74 /* Resources */,
			);
			buildRules = (
			);
			dependencies = (
				1887D9F22EE3430E00F52C74 /* PBXTargetDependency */,
			);
			fileSystemSynchronizedGroups = (
				1887D9F32EE3430E00F52C74 /* jikosyoukaiTests */,
			);
			name = jikosyoukaiTests;
			packageProductDependencies = (
			);
			productName = jikosyoukaiTests;
			productReference = 1887D9F02EE3430E00F52C74 /* jikosyoukaiTests.xctest */;
			productType = "com.apple.product-type.bundle.unit-test";
		};
		1887D9F92EE3430E00F52C74 /* jikosyoukaiUITests */ = {
			isa = PBXNativeTarget;
			buildConfigurationList = 1887DA0A2EE3430E00F52C74 /* Build configuration list for PBXNativeTarget "jikosyoukaiUITests" */;
			buildPhases = (
				1887D9F62EE3430E00F52C74 /* Sources */,
				1887D9F72EE3430E00F52C74 /* Frameworks */,
				1887D9F82EE3430E00F52C74 /* Resources */,
			);
			buildRules = (
			);
			dependencies = (
				1887D9FC2EE3430E00F52C74 /* PBXTargetDependency */,
			);
			fileSystemSynchronizedGroups = (
				1887D9FD2EE3430E00F52C74 /* jikosyoukaiUITests */,
			);
			name = jikosyoukaiUITests;
			packageProductDependencies = (
			);
			productName = jikosyoukaiUITests;
			productReference = 1887D9FA2EE3430E00F52C74 /* jikosyoukaiUITests.xctest */;
			productType = "com.apple.product-type.bundle.ui-testing";
		};
/* End PBXNativeTarget section */

/* Begin PBXProject section */
		1887D9DB2EE3430B00F52C74 /* Project object */ = {
			isa = PBXProject;
			attributes = {
				BuildIndependentTargetsInParallel = 1;
				LastSwiftUpdateCheck = 2600;
				LastUpgradeCheck = 2600;
				TargetAttributes = {
					1887D9E22EE3430B00F52C74 = {
						CreatedOnToolsVersion = 26.0.1;
					};
					1887D9EF2EE3430E00F52C74 = {
						CreatedOnToolsVersion = 26.0.1;
						TestTargetID = 1887D9E22EE3430B00F52C74;
					};
					1887D9F92EE3430E00F52C74 = {
						CreatedOnToolsVersion = 26.0.1;
						TestTargetID = 1887D9E22EE3430B00F52C74;
					};
				};
			};
			buildConfigurationList = 1887D9DE2EE3430B00F52C74 /* Build configuration list for PBXProject "jikosyoukai" */;
			developmentRegion = en;
			hasScannedForEncodings = 0;
			knownRegions = (
				en,
				Base,
			);
			mainGroup = 1887D9DA2EE3430B00F52C74;
			minimizedProjectReferenceProxies = 1;
			packageReferences = (
				1887DA132EE34EF100F52C74 /* XCRemoteSwiftPackageReference "firebase-ios-sdk" */,
			);
			preferredProjectObjectVersion = 77;
			productRefGroup = 1887D9E42EE3430B00F52C74 /* Products */;
			projectDirPath = "";
			projectRoot = "";
			targets = (
				1887D9E22EE3430B00F52C74 /* jikosyoukai */,
				1887D9EF2EE3430E00F52C74 /* jikosyoukaiTests */,
				1887D9F92EE3430E00F52C74 /* jikosyoukaiUITests */,
			);
		};
/* End PBXProject section */

/* Begin PBXResourcesBuildPhase section */
		1887D9E12EE3430B00F52C74 /* Resources */ = {
			isa = PBXResourcesBuildPhase;
			buildActionMask = 2147483647;
			files = (
			);
			runOnlyForDeploymentPostprocessing = 0;
		};
		1887D9EE2EE3430E00F52C74 /* Resources */ = {
			isa = PBXResourcesBuildPhase;
			buildActionMask = 2147483647;
			files = (
			);
			runOnlyForDeploymentPostprocessing = 0;
		};
		1887D9F82EE3430E00F52C74 /* Resources */ = {
			isa = PBXResourcesBuildPhase;
			buildActionMask = 2147483647;
			files = (
			);
			runOnlyForDeploymentPostprocessing = 0;
		};
/* End PBXResourcesBuildPhase section */

/* Begin PBXSourcesBuildPhase section */
		1887D9DF2EE3430B00F52C74 /* Sources */ = {
			isa = PBXSourcesBuildPhase;
			buildActionMask = 2147483647;
			files = (
			);
			runOnlyForDeploymentPostprocessing = 0;
		};
		1887D9EC2EE3430E00F52C74 /* Sources */ = {
			isa = PBXSourcesBuildPhase;
			buildActionMask = 2147483647;
			files = (
			);
			runOnlyForDeploymentPostprocessing = 0;
		};
		1887D9F62EE3430E00F52C74 /* Sources */ = {
			isa = PBXSourcesBuildPhase;
			buildActionMask = 2147483647;
			files = (
			);
			runOnlyForDeploymentPostprocessing = 0;
		};
/* End PBXSourcesBuildPhase section */

/* Begin PBXTargetDependency section */
		1887D9F22EE3430E00F52C74 /* PBXTargetDependency */ = {
			isa = PBXTargetDependency;
			target = 1887D9E22EE3430B00F52C74 /* jikosyoukai */;
			targetProxy = 1887D9F12EE3430E00F52C74 /* PBXContainerItemProxy */;
		};
		1887D9FC2EE3430E00F52C74 /* PBXTargetDependency */ = {
			isa = PBXTargetDependency;
			target = 1887D9E22EE3430B00F52C74 /* jikosyoukai */;
			targetProxy = 1887D9FB2EE3430E00F52C74 /* PBXContainerItemProxy */;
		};
/* End PBXTargetDependency section */

/* Begin XCBuildConfiguration section */
		1887DA022EE3430E00F52C74 /* Debug */ = {
			isa = XCBuildConfiguration;
			buildSettings = {
				ALWAYS_SEARCH_USER_PATHS = NO;
				ASSETCATALOG_COMPILER_GENERATE_SWIFT_ASSET_SYMBOL_EXTENSIONS = YES;
				CLANG_ANALYZER_NONNULL = YES;
				CLANG_ANALYZER_NUMBER_OBJECT_CONVERSION = YES_AGGRESSIVE;
				CLANG_CXX_LANGUAGE_STANDARD = "gnu++20";
				CLANG_ENABLE_MODULES = YES;
				CLANG_ENABLE_OBJC_ARC = YES;
				CLANG_ENABLE_OBJC_WEAK = YES;
				CLANG_WARN_BLOCK_CAPTURE_AUTORELEASING = YES;
				CLANG_WARN_BOOL_CONVERSION = YES;
				CLANG_WARN_COMMA = YES;
				CLANG_WARN_CONSTANT_CONVERSION = YES;
				CLANG_WARN_DEPRECATED_OBJC_IMPLEMENTATIONS = YES;
				CLANG_WARN_DIRECT_OBJC_ISA_USAGE = YES_ERROR;
				CLANG_WARN_DOCUMENTATION_COMMENTS = YES;
				CLANG_WARN_EMPTY_BODY = YES;
				CLANG_WARN_ENUM_CONVERSION = YES;
				CLANG_WARN_INFINITE_RECURSION = YES;
				CLANG_WARN_INT_CONVERSION = YES;
				CLANG_WARN_NON_LITERAL_NULL_CONVERSION = YES;
				CLANG_WARN_OBJC_IMPLICIT_RETAIN_SELF = YES;
				CLANG_WARN_OBJC_LITERAL_CONVERSION = YES;
				CLANG_WARN_OBJC_ROOT_CLASS = YES_ERROR;
				CLANG_WARN_QUOTED_INCLUDE_IN_FRAMEWORK_HEADER = YES;
				CLANG_WARN_RANGE_LOOP_ANALYSIS = YES;
				CLANG_WARN_STRICT_PROTOTYPES = YES;
				CLANG_WARN_SUSPICIOUS_MOVE = YES;
				CLANG_WARN_UNGUARDED_AVAILABILITY = YES_AGGRESSIVE;
				CLANG_WARN_UNREACHABLE_CODE = YES;
				CLANG_WARN__DUPLICATE_METHOD_MATCH = YES;
				COPY_PHASE_STRIP = NO;
				DEBUG_INFORMATION_FORMAT = dwarf;
				DEVELOPMENT_TEAM = GDKA3R42M8;
				ENABLE_STRICT_OBJC_MSGSEND = YES;
				ENABLE_TESTABILITY = YES;
				ENABLE_USER_SCRIPT_SANDBOXING = YES;
				GCC_C_LANGUAGE_STANDARD = gnu17;
				GCC_DYNAMIC_NO_PIC = NO;
				GCC_NO_COMMON_BLOCKS = YES;
				GCC_OPTIMIZATION_LEVEL = 0;
				GCC_PREPROCESSOR_DEFINITIONS = (
					"DEBUG=1",
					"$(inherited)",
				);
				GCC_WARN_64_TO_32_BIT_CONVERSION = YES;
				GCC_WARN_ABOUT_RETURN_TYPE = YES_ERROR;
				GCC_WARN_UNDECLARED_SELECTOR = YES;
				GCC_WARN_UNINITIALIZED_AUTOS = YES_AGGRESSIVE;
				GCC_WARN_UNUSED_FUNCTION = YES;
				GCC_WARN_UNUSED_VARIABLE = YES;
				IPHONEOS_DEPLOYMENT_TARGET = 26.0;
				LOCALIZATION_PREFERS_STRING_CATALOGS = YES;
				MTL_ENABLE_DEBUG_INFO = INCLUDE_SOURCE;
				MTL_FAST_MATH = YES;
				ONLY_ACTIVE_ARCH = YES;
				SDKROOT = iphoneos;
				SWIFT_ACTIVE_COMPILATION_CONDITIONS = "DEBUG $(inherited)";
				SWIFT_OPTIMIZATION_LEVEL = "-Onone";
			};
			name = Debug;
		};
		1887DA032EE3430E00F52C74 /* Release */ = {
			isa = XCBuildConfiguration;
			buildSettings = {
				ALWAYS_SEARCH_USER_PATHS = NO;
				ASSETCATALOG_COMPILER_GENERATE_SWIFT_ASSET_SYMBOL_EXTENSIONS = YES;
				CLANG_ANALYZER_NONNULL = YES;
				CLANG_ANALYZER_NUMBER_OBJECT_CONVERSION = YES_AGGRESSIVE;
				CLANG_CXX_LANGUAGE_STANDARD = "gnu++20";
				CLANG_ENABLE_MODULES = YES;
				CLANG_ENABLE_OBJC_ARC = YES;
				CLANG_ENABLE_OBJC_WEAK = YES;
				CLANG_WARN_BLOCK_CAPTURE_AUTORELEASING = YES;
				CLANG_WARN_BOOL_CONVERSION = YES;
				CLANG_WARN_COMMA = YES;
				CLANG_WARN_CONSTANT_CONVERSION = YES;
				CLANG_WARN_DEPRECATED_OBJC_IMPLEMENTATIONS = YES;
				CLANG_WARN_DIRECT_OBJC_ISA_USAGE = YES_ERROR;
				CLANG_WARN_DOCUMENTATION_COMMENTS = YES;
				CLANG_WARN_EMPTY_BODY = YES;
				CLANG_WARN_ENUM_CONVERSION = YES;
				CLANG_WARN_INFINITE_RECURSION = YES;
				CLANG_WARN_INT_CONVERSION = YES;
				CLANG_WARN_NON_LITERAL_NULL_CONVERSION = YES;
				CLANG_WARN_OBJC_IMPLICIT_RETAIN_SELF = YES;
				CLANG_WARN_OBJC_LITERAL_CONVERSION = YES;
				CLANG_WARN_OBJC_ROOT_CLASS = YES_ERROR;
				CLANG_WARN_QUOTED_INCLUDE_IN_FRAMEWORK_HEADER = YES;
				CLANG_WARN_RANGE_LOOP_ANALYSIS = YES;
				CLANG_WARN_STRICT_PROTOTYPES = YES;
				CLANG_WARN_SUSPICIOUS_MOVE = YES;
				CLANG_WARN_UNGUARDED_AVAILABILITY = YES_AGGRESSIVE;
				CLANG_WARN_UNREACHABLE_CODE = YES;
				CLANG_WARN__DUPLICATE_METHOD_MATCH = YES;
				COPY_PHASE_STRIP = NO;
				DEBUG_INFORMATION_FORMAT = "dwarf-with-dsym";
				DEVELOPMENT_TEAM = GDKA3R42M8;
				ENABLE_NS_ASSERTIONS = NO;
				ENABLE_STRICT_OBJC_MSGSEND = YES;
				ENABLE_USER_SCRIPT_SANDBOXING = YES;
				GCC_C_LANGUAGE_STANDARD = gnu17;
				GCC_NO_COMMON_BLOCKS = YES;
				GCC_WARN_64_TO_32_BIT_CONVERSION = YES;
				GCC_WARN_ABOUT_RETURN_TYPE = YES_ERROR;
				GCC_WARN_UNDECLARED_SELECTOR = YES;
				GCC_WARN_UNINITIALIZED_AUTOS = YES_AGGRESSIVE;
				GCC_WARN_UNUSED_FUNCTION = YES;
				GCC_WARN_UNUSED_VARIABLE = YES;
				IPHONEOS_DEPLOYMENT_TARGET = 26.0;
				LOCALIZATION_PREFERS_STRING_CATALOGS = YES;
				MTL_ENABLE_DEBUG_INFO = NO;
				MTL_FAST_MATH = YES;
				SDKROOT = iphoneos;
				SWIFT_COMPILATION_MODE = wholemodule;
				VALIDATE_PRODUCT = YES;
			};
			name = Release;
		};
		1887DA052EE3430E00F52C74 /* Debug */ = {
			isa = XCBuildConfiguration;
			buildSettings = {
				ASSETCATALOG_COMPILER_APPICON_NAME = AppIcon;
				ASSETCATALOG_COMPILER_GLOBAL_ACCENT_COLOR_NAME = AccentColor;
				CODE_SIGN_STYLE = Automatic;
				CURRENT_PROJECT_VERSION = 1;
				DEVELOPMENT_TEAM = GDKA3R42M8;
				ENABLE_PREVIEWS = YES;
				GENERATE_INFOPLIST_FILE = YES;
				INFOPLIST_KEY_UIApplicationSceneManifest_Generation = YES;
				INFOPLIST_KEY_UIApplicationSupportsIndirectInputEvents = YES;
				INFOPLIST_KEY_UILaunchScreen_Generation = YES;
				INFOPLIST_KEY_UISupportedInterfaceOrientations_iPad = "UIInterfaceOrientationPortrait UIInterfaceOrientationPortraitUpsideDown UIInterfaceOrientationLandscapeLeft UIInterfaceOrientationLandscapeRight";
				INFOPLIST_KEY_UISupportedInterfaceOrientations_iPhone = "UIInterfaceOrientationPortrait UIInterfaceOrientationLandscapeLeft UIInterfaceOrientationLandscapeRight";
				LD_RUNPATH_SEARCH_PATHS = (
					"$(inherited)",
					"@executable_path/Frameworks",
				);
				MARKETING_VERSION = 1.0;
				PRODUCT_BUNDLE_IDENTIFIER = com.mzash.jikosyoukai;
				PRODUCT_NAME = "$(TARGET_NAME)";
				STRING_CATALOG_GENERATE_SYMBOLS = YES;
				SWIFT_APPROACHABLE_CONCURRENCY = YES;
				SWIFT_DEFAULT_ACTOR_ISOLATION = MainActor;
				SWIFT_EMIT_LOC_STRINGS = YES;
				SWIFT_UPCOMING_FEATURE_MEMBER_IMPORT_VISIBILITY = YES;
				SWIFT_VERSION = 5.0;
				TARGETED_DEVICE_FAMILY = "1,2";
			};
			name = Debug;
		};
		1887DA062EE3430E00F52C74 /* Release */ = {
			isa = XCBuildConfiguration;
			buildSettings = {
				ASSETCATALOG_COMPILER_APPICON_NAME = AppIcon;
				ASSETCATALOG_COMPILER_GLOBAL_ACCENT_COLOR_NAME = AccentColor;
				CODE_SIGN_STYLE = Automatic;
				CURRENT_PROJECT_VERSION = 1;
				DEVELOPMENT_TEAM = GDKA3R42M8;
				ENABLE_PREVIEWS = YES;
				GENERATE_INFOPLIST_FILE = YES;
				INFOPLIST_KEY_UIApplicationSceneManifest_Generation = YES;
				INFOPLIST_KEY_UIApplicationSupportsIndirectInputEvents = YES;
				INFOPLIST_KEY_UILaunchScreen_Generation = YES;
				INFOPLIST_KEY_UISupportedInterfaceOrientations_iPad = "UIInterfaceOrientationPortrait UIInterfaceOrientationPortraitUpsideDown UIInterfaceOrientationLandscapeLeft UIInterfaceOrientationLandscapeRight";
				INFOPLIST_KEY_UISupportedInterfaceOrientations_iPhone = "UIInterfaceOrientationPortrait UIInterfaceOrientationLandscapeLeft UIInterfaceOrientationLandscapeRight";
				LD_RUNPATH_SEARCH_PATHS = (
					"$(inherited)",
					"@executable_path/Frameworks",
				);
				MARKETING_VERSION = 1.0;
				PRODUCT_BUNDLE_IDENTIFIER = com.mzash.jikosyoukai;
				PRODUCT_NAME = "$(TARGET_NAME)";
				STRING_CATALOG_GENERATE_SYMBOLS = YES;
				SWIFT_APPROACHABLE_CONCURRENCY = YES;
				SWIFT_DEFAULT_ACTOR_ISOLATION = MainActor;
				SWIFT_EMIT_LOC_STRINGS = YES;
				SWIFT_UPCOMING_FEATURE_MEMBER_IMPORT_VISIBILITY = YES;
				SWIFT_VERSION = 5.0;
				TARGETED_DEVICE_FAMILY = "1,2";
			};
			name = Release;
		};
		1887DA082EE3430E00F52C74 /* Debug */ = {
			isa = XCBuildConfiguration;
			buildSettings = {
				BUNDLE_LOADER = "$(TEST_HOST)";
				CODE_SIGN_STYLE = Automatic;
				CURRENT_PROJECT_VERSION = 1;
				DEVELOPMENT_TEAM = GDKA3R42M8;
				GENERATE_INFOPLIST_FILE = YES;
				IPHONEOS_DEPLOYMENT_TARGET = 26.0;
				MARKETING_VERSION = 1.0;
				PRODUCT_BUNDLE_IDENTIFIER = com.mzash.jikosyoukaiTests;
				PRODUCT_NAME = "$(TARGET_NAME)";
				STRING_CATALOG_GENERATE_SYMBOLS = NO;
				SWIFT_APPROACHABLE_CONCURRENCY = YES;
				SWIFT_EMIT_LOC_STRINGS = NO;
				SWIFT_UPCOMING_FEATURE_MEMBER_IMPORT_VISIBILITY = YES;
				SWIFT_VERSION = 5.0;
				TARGETED_DEVICE_FAMILY = "1,2";
				TEST_HOST = "$(BUILT_PRODUCTS_DIR)/jikosyoukai.app/$(BUNDLE_EXECUTABLE_FOLDER_PATH)/jikosyoukai";
			};
			name = Debug;
		};
		1887DA092EE3430E00F52C74 /* Release */ = {
			isa = XCBuildConfiguration;
			buildSettings = {
				BUNDLE_LOADER = "$(TEST_HOST)";
				CODE_SIGN_STYLE = Automatic;
				CURRENT_PROJECT_VERSION = 1;
				DEVELOPMENT_TEAM = GDKA3R42M8;
				GENERATE_INFOPLIST_FILE = YES;
				IPHONEOS_DEPLOYMENT_TARGET = 26.0;
				MARKETING_VERSION = 1.0;
				PRODUCT_BUNDLE_IDENTIFIER = com.mzash.jikosyoukaiTests;
				PRODUCT_NAME = "$(TARGET_NAME)";
				STRING_CATALOG_GENERATE_SYMBOLS = NO;
				SWIFT_APPROACHABLE_CONCURRENCY = YES;
				SWIFT_EMIT_LOC_STRINGS = NO;
				SWIFT_UPCOMING_FEATURE_MEMBER_IMPORT_VISIBILITY = YES;
				SWIFT_VERSION = 5.0;
				TARGETED_DEVICE_FAMILY = "1,2";
				TEST_HOST = "$(BUILT_PRODUCTS_DIR)/jikosyoukai.app/$(BUNDLE_EXECUTABLE_FOLDER_PATH)/jikosyoukai";
			};
			name = Release;
		};
		1887DA0B2EE3430E00F52C74 /* Debug */ = {
			isa = XCBuildConfiguration;
			buildSettings = {
				CODE_SIGN_STYLE = Automatic;
				CURRENT_PROJECT_VERSION = 1;
				DEVELOPMENT_TEAM = GDKA3R42M8;
				GENERATE_INFOPLIST_FILE = YES;
				MARKETING_VERSION = 1.0;
				PRODUCT_BUNDLE_IDENTIFIER = com.mzash.jikosyoukaiUITests;
				PRODUCT_NAME = "$(TARGET_NAME)";
				STRING_CATALOG_GENERATE_SYMBOLS = NO;
				SWIFT_APPROACHABLE_CONCURRENCY = YES;
				SWIFT_EMIT_LOC_STRINGS = NO;
				SWIFT_UPCOMING_FEATURE_MEMBER_IMPORT_VISIBILITY = YES;
				SWIFT_VERSION = 5.0;
				TARGETED_DEVICE_FAMILY = "1,2";
				TEST_TARGET_NAME = jikosyoukai;
			};
			name = Debug;
		};
		1887DA0C2EE3430E00F52C74 /* Release */ = {
			isa = XCBuildConfiguration;
			buildSettings = {
				CODE_SIGN_STYLE = Automatic;
				CURRENT_PROJECT_VERSION = 1;
				DEVELOPMENT_TEAM = GDKA3R42M8;
				GENERATE_INFOPLIST_FILE = YES;
				MARKETING_VERSION = 1.0;
				PRODUCT_BUNDLE_IDENTIFIER = com.mzash.jikosyoukaiUITests;
				PRODUCT_NAME = "$(TARGET_NAME)";
				STRING_CATALOG_GENERATE_SYMBOLS = NO;
				SWIFT_APPROACHABLE_CONCURRENCY = YES;
				SWIFT_EMIT_LOC_STRINGS = NO;
				SWIFT_UPCOMING_FEATURE_MEMBER_IMPORT_VISIBILITY = YES;
				SWIFT_VERSION = 5.0;
				TARGETED_DEVICE_FAMILY = "1,2";
				TEST_TARGET_NAME = jikosyoukai;
			};
			name = Release;
		};
/* End XCBuildConfiguration section */

/* Begin XCConfigurationList section */
		1887D9DE2EE3430B00F52C74 /* Build configuration list for PBXProject "jikosyoukai" */ = {
			isa = XCConfigurationList;
			buildConfigurations = (
				1887DA022EE3430E00F52C74 /* Debug */,
				1887DA032EE3430E00F52C74 /* Release */,
			);
			defaultConfigurationIsVisible = 0;
			defaultConfigurationName = Release;
		};
		1887DA042EE3430E00F52C74 /* Build configuration list for PBXNativeTarget "jikosyoukai" */ = {
			isa = XCConfigurationList;
			buildConfigurations = (
				1887DA052EE3430E00F52C74 /* Debug */,
				1887DA062EE3430E00F52C74 /* Release */,
			);
			defaultConfigurationIsVisible = 0;
			defaultConfigurationName = Release;
		};
		1887DA072EE3430E00F52C74 /* Build configuration list for PBXNativeTarget "jikosyoukaiTests" */ = {
			isa = XCConfigurationList;
			buildConfigurations = (
				1887DA082EE3430E00F52C74 /* Debug */,
				1887DA092EE3430E00F52C74 /* Release */,
			);
			defaultConfigurationIsVisible = 0;
			defaultConfigurationName = Release;
		};
		1887DA0A2EE3430E00F52C74 /* Build configuration list for PBXNativeTarget "jikosyoukaiUITests" */ = {
			isa = XCConfigurationList;
			buildConfigurations = (
				1887DA0B2EE3430E00F52C74 /* Debug */,
				1887DA0C2EE3430E00F52C74 /* Release */,
			);
			defaultConfigurationIsVisible = 0;
			defaultConfigurationName = Release;
		};
/* End XCConfigurationList section */

/* Begin XCRemoteSwiftPackageReference section */
		1887DA132EE34EF100F52C74 /* XCRemoteSwiftPackageReference "firebase-ios-sdk" */ = {
			isa = XCRemoteSwiftPackageReference;
			repositoryURL = "https://github.com/firebase/firebase-ios-sdk";
			requirement = {
				kind = upToNextMajorVersion;
				minimumVersion = 12.6.0;
			};
		};
/* End XCRemoteSwiftPackageReference section */

/* Begin XCSwiftPackageProductDependency section */
		1887DA142EE34EF100F52C74 /* FirebaseAuth */ = {
			isa = XCSwiftPackageProductDependency;
			package = 1887DA132EE34EF100F52C74 /* XCRemoteSwiftPackageReference "firebase-ios-sdk" */;
			productName = FirebaseAuth;
		};
		1887DA162EE34EF100F52C74 /* FirebaseFirestore */ = {
			isa = XCSwiftPackageProductDependency;
			package = 1887DA132EE34EF100F52C74 /* XCRemoteSwiftPackageReference "firebase-ios-sdk" */;
			productName = FirebaseFirestore;
		};
		1887DA322EE5EC7200F52C74 /* FirebaseStorage */ = {
			isa = XCSwiftPackageProductDependency;
			package = 1887DA132EE34EF100F52C74 /* XCRemoteSwiftPackageReference "firebase-ios-sdk" */;
			productName = FirebaseStorage;
		};
/* End XCSwiftPackageProductDependency section */
	};
	rootObject = 1887D9DB2EE3430B00F52C74 /* Project object */;
}
